<?xml version="1.0" encoding="utf-8"?>
<Project ToolsVersion="4.0" xmlns="http://schemas.microsoft.com/developer/msbuild/2003">
  <ItemGroup>
    <Filter Include="Source Files">
      <UniqueIdentifier>{4FC737F1-C7A5-4376-A066-2A32D752A2FF}</UniqueIdentifier>
      <Extensions>cpp;c;cc;cxx;c++;cppm;ixx;def;odl;idl;hpj;bat;asm;asmx</Extensions>
    </Filter>
    <Filter Include="Header Files">
      <UniqueIdentifier>{93995380-89BD-4b04-88EB-625FBE52EBFB}</UniqueIdentifier>
      <Extensions>h;hh;hpp;hxx;h++;hm;inl;inc;ipp;xsd</Extensions>
    </Filter>
    <Filter Include="Resource Files">
      <UniqueIdentifier>{67DA6AB6-F800-4c08-8B7A-83BB121AAD01}</UniqueIdentifier>
      <Extensions>rc;ico;cur;bmp;dlg;rc2;rct;bin;rgs;gif;jpg;jpeg;jpe;resx;tiff;tif;png;wav;mfcribbon-ms</Extensions>
    </Filter>
    <Filter Include="Header Files\Core">
      <UniqueIdentifier>{b6614e92-8361-4088-b082-68722c3f2d52}</UniqueIdentifier>
    </Filter>
    <Filter Include="Header Files\Render Logic">
      <UniqueIdentifier>{0d7761b1-8ea6-406d-992a-8698e655b35d}</UniqueIdentifier>
    </Filter>
    <Filter Include="Source Files\Core">
      <UniqueIdentifier>{ce30473b-e363-442c-8b13-4e0d31a655a7}</UniqueIdentifier>
    </Filter>
    <Filter Include="Source Files\Render Logic">
      <UniqueIdentifier>{8b6db96d-1038-4051-bdd8-e668e7322da4}</UniqueIdentifier>
    </Filter>
  </ItemGroup>
  <ItemGroup>
    <ClInclude Include="vgfxdefs.h">
      <Filter>Header Files\Core</Filter>
    </ClInclude>
    <ClInclude Include="vgfx.h">
      <Filter>Header Files\Core</Filter>
    </ClInclude>
    <ClInclude Include="vgfxcore.h">
      <Filter>Header Files\Core</Filter>
    </ClInclude>
    <ClInclude Include="vgfxrenderthread.h">
      <Filter>Header Files\Render Logic</Filter>
    </ClInclude>
    <ClInclude Include="vgfxshaders.h">
      <Filter>Header Files\Render Logic</Filter>
    </ClInclude>
  </ItemGroup>
  <ItemGroup>
    <ClCompile Include="vgfxcore.c">
      <Filter>Source Files\Core</Filter>
    </ClCompile>
    <ClCompile Include="vgfxrenderthread.c">
      <Filter>Source Files\Render Logic</Filter>
    </ClCompile>
    <ClCompile Include="vgfxshaders.c">
      <Filter>Source Files\Render Logic</Filter>
    </ClCompile>
  </ItemGroup>
</Project>