<?xml version="1.0" encoding="utf-8"?>
<Project ToolsVersion="4.0" xmlns="http://schemas.microsoft.com/developer/msbuild/2003">
  <ItemGroup>
    <Filter Include="Source Files">
      <UniqueIdentifier>{4FC737F1-C7A5-4376-A066-2A32D752A2FF}</UniqueIdentifier>
      <Extensions>cpp;c;cc;cxx;c++;cppm;ixx;def;odl;idl;hpj;bat;asm;asmx</Extensions>
    </Filter>
    <Filter Include="Header Files">
      <UniqueIdentifier>{93995380-89BD-4b04-88EB-625FBE52EBFB}</UniqueIdentifier>
      <Extensions>h;hh;hpp;hxx;h++;hm;inl;inc;ipp;xsd</Extensions>
    </Filter>
    <Filter Include="Resource Files">
      <UniqueIdentifier>{67DA6AB6-F800-4c08-8B7A-83BB121AAD01}</UniqueIdentifier>
      <Extensions>rc;ico;cur;bmp;dlg;rc2;rct;bin;rgs;gif;jpg;jpeg;jpe;resx;tiff;tif;png;wav;mfcribbon-ms</Extensions>
    </Filter>
    <Filter Include="Header Files\Core">
      <UniqueIdentifier>{bca4ffc9-f053-40f5-a38c-8e25e2fed23d}</UniqueIdentifier>
    </Filter>
    <Filter Include="Resource Files\Core">
      <UniqueIdentifier>{5cb0c507-b31a-4656-8704-f0f80f91f745}</UniqueIdentifier>
    </Filter>
    <Filter Include="Header Files\Internal">
      <UniqueIdentifier>{2dd4ff40-3f35-4991-ac3d-61684205d74f}</UniqueIdentifier>
    </Filter>
    <Filter Include="Resource Files\Internal">
      <UniqueIdentifier>{7ef35f35-d33b-4c9f-862c-cd97fd9a1ae7}</UniqueIdentifier>
    </Filter>
  </ItemGroup>
  <ItemGroup>
    <ClInclude Include="vgfx.h">
      <Filter>Header Files\Core</Filter>
    </ClInclude>
    <ClInclude Include="vgfxdefs.h">
      <Filter>Header Files\Core</Filter>
    </ClInclude>
    <ClInclude Include="vgfxcore.h">
      <Filter>Header Files\Core</Filter>
    </ClInclude>
    <ClInclude Include="vgfxthread.h">
      <Filter>Header Files\Internal</Filter>
    </ClInclude>
    <ClInclude Include="vgfxrenderable.h">
      <Filter>Header Files\Internal</Filter>
    </ClInclude>
  </ItemGroup>
  <ItemGroup>
    <ClCompile Include="vgfxcore.c">
      <Filter>Resource Files\Core</Filter>
    </ClCompile>
    <ClCompile Include="vgfxthread.c">
      <Filter>Resource Files\Internal</Filter>
    </ClCompile>
    <ClCompile Include="vgfxrenderable.c">
      <Filter>Resource Files\Internal</Filter>
    </ClCompile>
  </ItemGroup>
</Project>